// !$*UTF8*$!
{
	archiveVersion = 1;
	classes = {
	};
	objectVersion = 46;
	objects = {

/* Begin PBXBuildFile section */
		000A9A421BEF85DD0002E96B /* MBProgressHUD.swift in Sources */ = {isa = PBXBuildFile; fileRef = 000A9A411BEF85DD0002E96B /* MBProgressHUD.swift */; };
		0038BEA81BE8BA6F002C8ED6 /* main.m in Sources */ = {isa = PBXBuildFile; fileRef = 0038BEA71BE8BA6F002C8ED6 /* main.m */; };
		0038BEAB1BE8BA6F002C8ED6 /* AppDelegate.m in Sources */ = {isa = PBXBuildFile; fileRef = 0038BEAA1BE8BA6F002C8ED6 /* AppDelegate.m */; };
		0038BEAE1BE8BA6F002C8ED6 /* ViewController.m in Sources */ = {isa = PBXBuildFile; fileRef = 0038BEAD1BE8BA6F002C8ED6 /* ViewController.m */; };
		0038BEB11BE8BA6F002C8ED6 /* Main.storyboard in Resources */ = {isa = PBXBuildFile; fileRef = 0038BEAF1BE8BA6F002C8ED6 /* Main.storyboard */; };
		0038BEB31BE8BA6F002C8ED6 /* Assets.xcassets in Resources */ = {isa = PBXBuildFile; fileRef = 0038BEB21BE8BA6F002C8ED6 /* Assets.xcassets */; };
		0038BEB61BE8BA6F002C8ED6 /* LaunchScreen.storyboard in Resources */ = {isa = PBXBuildFile; fileRef = 0038BEB41BE8BA6F002C8ED6 /* LaunchScreen.storyboard */; };
		003F91C01BEB07650043AA21 /* KVStore.m in Sources */ = {isa = PBXBuildFile; fileRef = 003F91BF1BEB07650043AA21 /* KVStore.m */; };
		004050971BF03A8800ADE4DC /* MessageTool.swift in Sources */ = {isa = PBXBuildFile; fileRef = 004050961BF03A8800ADE4DC /* MessageTool.swift */; };
		00CFA0FE1BF2E1B200B5CC0F /* User.swift in Sources */ = {isa = PBXBuildFile; fileRef = 00CFA0FD1BF2E1B200B5CC0F /* User.swift */; };
		00F6192D1BE9B2B1001FBAB0 /* libsqlite3.0.tbd in Frameworks */ = {isa = PBXBuildFile; fileRef = 00F6192C1BE9B2B1001FBAB0 /* libsqlite3.0.tbd */; };
		00F619401BE9B479001FBAB0 /* Security.framework in Frameworks */ = {isa = PBXBuildFile; fileRef = 00F6193F1BE9B479001FBAB0 /* Security.framework */; };
		00F619531BE9B84D001FBAB0 /* Foundation.framework in Frameworks */ = {isa = PBXBuildFile; fileRef = 00F619521BE9B84D001FBAB0 /* Foundation.framework */; };
		00F6195D1BE9D497001FBAB0 /* UserModel.m in Sources */ = {isa = PBXBuildFile; fileRef = 00F6195C1BE9D497001FBAB0 /* UserModel.m */; };
		00F619841BE9FF2C001FBAB0 /* EasyBuilder.swift in Sources */ = {isa = PBXBuildFile; fileRef = 00F619631BE9FF2C001FBAB0 /* EasyBuilder.swift */; };
		00F619851BE9FF2C001FBAB0 /* EasyDB.swift in Sources */ = {isa = PBXBuildFile; fileRef = 00F619641BE9FF2C001FBAB0 /* EasyDB.swift */; };
		00F619861BE9FF2C001FBAB0 /* EasyDownload.swift in Sources */ = {isa = PBXBuildFile; fileRef = 00F619651BE9FF2C001FBAB0 /* EasyDownload.swift */; };
		00F619871BE9FF2C001FBAB0 /* EasyLoad.swift in Sources */ = {isa = PBXBuildFile; fileRef = 00F619661BE9FF2C001FBAB0 /* EasyLoad.swift */; };
		00F619881BE9FF2C001FBAB0 /* EasyRequest.swift in Sources */ = {isa = PBXBuildFile; fileRef = 00F619671BE9FF2C001FBAB0 /* EasyRequest.swift */; };
		00F619891BE9FF2C001FBAB0 /* EasyUpload.swift in Sources */ = {isa = PBXBuildFile; fileRef = 00F619681BE9FF2C001FBAB0 /* EasyUpload.swift */; };
		00F6198A1BE9FF2C001FBAB0 /* EasyUtil.swift in Sources */ = {isa = PBXBuildFile; fileRef = 00F619691BE9FF2C001FBAB0 /* EasyUtil.swift */; };
		00F6198C1BE9FF2C001FBAB0 /* CommonRequest.swift in Sources */ = {isa = PBXBuildFile; fileRef = 00F6196B1BE9FF2C001FBAB0 /* CommonRequest.swift */; };
		00F6198D1BE9FF2C001FBAB0 /* error@2x.png in Resources */ = {isa = PBXBuildFile; fileRef = 00F6196E1BE9FF2C001FBAB0 /* error@2x.png */; };
		00F6198E1BE9FF2C001FBAB0 /* error@3x.png in Resources */ = {isa = PBXBuildFile; fileRef = 00F6196F1BE9FF2C001FBAB0 /* error@3x.png */; };
		00F6198F1BE9FF2C001FBAB0 /* success@2x.png in Resources */ = {isa = PBXBuildFile; fileRef = 00F619701BE9FF2C001FBAB0 /* success@2x.png */; };
		00F619901BE9FF2C001FBAB0 /* success@3x.png in Resources */ = {isa = PBXBuildFile; fileRef = 00F619711BE9FF2C001FBAB0 /* success@3x.png */; };
		00F619921BE9FF2C001FBAB0 /* FMDatabase.m in Sources */ = {isa = PBXBuildFile; fileRef = 00F619781BE9FF2C001FBAB0 /* FMDatabase.m */; };
		00F619931BE9FF2C001FBAB0 /* FMDatabaseAdditions.m in Sources */ = {isa = PBXBuildFile; fileRef = 00F6197A1BE9FF2C001FBAB0 /* FMDatabaseAdditions.m */; };
		00F619941BE9FF2C001FBAB0 /* FMDatabasePool.m in Sources */ = {isa = PBXBuildFile; fileRef = 00F6197C1BE9FF2C001FBAB0 /* FMDatabasePool.m */; };
		00F619951BE9FF2C001FBAB0 /* FMDatabaseQueue.m in Sources */ = {isa = PBXBuildFile; fileRef = 00F6197E1BE9FF2C001FBAB0 /* FMDatabaseQueue.m */; };
		00F619961BE9FF2C001FBAB0 /* FMResultSet.m in Sources */ = {isa = PBXBuildFile; fileRef = 00F619811BE9FF2C001FBAB0 /* FMResultSet.m */; };
		00F619971BE9FF2C001FBAB0 /* YTKKeyValueStore.m in Sources */ = {isa = PBXBuildFile; fileRef = 00F619831BE9FF2C001FBAB0 /* YTKKeyValueStore.m */; };
		00F6199B1BEA013E001FBAB0 /* APIManager.swift in Sources */ = {isa = PBXBuildFile; fileRef = 00F619991BEA013E001FBAB0 /* APIManager.swift */; };
		00F6199F1BEA0305001FBAB0 /* EvoRuntime.m in Sources */ = {isa = PBXBuildFile; fileRef = 00F6199E1BEA0305001FBAB0 /* EvoRuntime.m */; };
		00F619A21BEA1365001FBAB0 /* NSObject+Evo.m in Sources */ = {isa = PBXBuildFile; fileRef = 00F619A11BEA1365001FBAB0 /* NSObject+Evo.m */; };
		4AAE5EB9A3F4A429CBBCF377 /* Pods_NetManager.framework in Frameworks */ = {isa = PBXBuildFile; fileRef = C2A6733630CEA2F40D171486 /* Pods_NetManager.framework */; };
/* End PBXBuildFile section */

/* Begin PBXFileReference section */
		000A9A411BEF85DD0002E96B /* MBProgressHUD.swift */ = {isa = PBXFileReference; fileEncoding = 4; lastKnownFileType = sourcecode.swift; path = MBProgressHUD.swift; sourceTree = "<group>"; };
		0038BEA31BE8BA6F002C8ED6 /* NetManager.app */ = {isa = PBXFileReference; explicitFileType = wrapper.application; includeInIndex = 0; path = NetManager.app; sourceTree = BUILT_PRODUCTS_DIR; };
		0038BEA71BE8BA6F002C8ED6 /* main.m */ = {isa = PBXFileReference; lastKnownFileType = sourcecode.c.objc; path = main.m; sourceTree = "<group>"; };
		0038BEA91BE8BA6F002C8ED6 /* AppDelegate.h */ = {isa = PBXFileReference; lastKnownFileType = sourcecode.c.h; path = AppDelegate.h; sourceTree = "<group>"; };
		0038BEAA1BE8BA6F002C8ED6 /* AppDelegate.m */ = {isa = PBXFileReference; lastKnownFileType = sourcecode.c.objc; path = AppDelegate.m; sourceTree = "<group>"; };
		0038BEAC1BE8BA6F002C8ED6 /* ViewController.h */ = {isa = PBXFileReference; lastKnownFileType = sourcecode.c.h; path = ViewController.h; sourceTree = "<group>"; };
		0038BEAD1BE8BA6F002C8ED6 /* ViewController.m */ = {isa = PBXFileReference; lastKnownFileType = sourcecode.c.objc; path = ViewController.m; sourceTree = "<group>"; };
		0038BEB01BE8BA6F002C8ED6 /* Base */ = {isa = PBXFileReference; lastKnownFileType = file.storyboard; name = Base; path = Base.lproj/Main.storyboard; sourceTree = "<group>"; };
		0038BEB21BE8BA6F002C8ED6 /* Assets.xcassets */ = {isa = PBXFileReference; lastKnownFileType = folder.assetcatalog; path = Assets.xcassets; sourceTree = "<group>"; };
		0038BEB51BE8BA6F002C8ED6 /* Base */ = {isa = PBXFileReference; lastKnownFileType = file.storyboard; name = Base; path = Base.lproj/LaunchScreen.storyboard; sourceTree = "<group>"; };
		0038BEB71BE8BA6F002C8ED6 /* Info.plist */ = {isa = PBXFileReference; lastKnownFileType = text.plist.xml; path = Info.plist; sourceTree = "<group>"; };
		003F91BE1BEB07650043AA21 /* KVStore.h */ = {isa = PBXFileReference; fileEncoding = 4; lastKnownFileType = sourcecode.c.h; path = KVStore.h; sourceTree = "<group>"; };
		003F91BF1BEB07650043AA21 /* KVStore.m */ = {isa = PBXFileReference; fileEncoding = 4; lastKnownFileType = sourcecode.c.objc; path = KVStore.m; sourceTree = "<group>"; };
		004050951BF03A3B00ADE4DC /* NetManager-Bridging-Header.h */ = {isa = PBXFileReference; lastKnownFileType = sourcecode.c.h; path = "NetManager-Bridging-Header.h"; sourceTree = "<group>"; };
		004050961BF03A8800ADE4DC /* MessageTool.swift */ = {isa = PBXFileReference; fileEncoding = 4; lastKnownFileType = sourcecode.swift; path = MessageTool.swift; sourceTree = "<group>"; };
		00CFA0FD1BF2E1B200B5CC0F /* User.swift */ = {isa = PBXFileReference; fileEncoding = 4; lastKnownFileType = sourcecode.swift; path = User.swift; sourceTree = "<group>"; };
		00F6192C1BE9B2B1001FBAB0 /* libsqlite3.0.tbd */ = {isa = PBXFileReference; lastKnownFileType = "sourcecode.text-based-dylib-definition"; name = libsqlite3.0.tbd; path = usr/lib/libsqlite3.0.tbd; sourceTree = SDKROOT; };
		00F6193F1BE9B479001FBAB0 /* Security.framework */ = {isa = PBXFileReference; lastKnownFileType = wrapper.framework; name = Security.framework; path = System/Library/Frameworks/Security.framework; sourceTree = SDKROOT; };
		00F619521BE9B84D001FBAB0 /* Foundation.framework */ = {isa = PBXFileReference; lastKnownFileType = wrapper.framework; name = Foundation.framework; path = System/Library/Frameworks/Foundation.framework; sourceTree = SDKROOT; };
		00F6195B1BE9D497001FBAB0 /* UserModel.h */ = {isa = PBXFileReference; fileEncoding = 4; lastKnownFileType = sourcecode.c.h; path = UserModel.h; sourceTree = "<group>"; };
		00F6195C1BE9D497001FBAB0 /* UserModel.m */ = {isa = PBXFileReference; fileEncoding = 4; lastKnownFileType = sourcecode.c.objc; path = UserModel.m; sourceTree = "<group>"; };
		00F619631BE9FF2C001FBAB0 /* EasyBuilder.swift */ = {isa = PBXFileReference; fileEncoding = 4; lastKnownFileType = sourcecode.swift; path = EasyBuilder.swift; sourceTree = "<group>"; };
		00F619641BE9FF2C001FBAB0 /* EasyDB.swift */ = {isa = PBXFileReference; fileEncoding = 4; lastKnownFileType = sourcecode.swift; path = EasyDB.swift; sourceTree = "<group>"; };
		00F619651BE9FF2C001FBAB0 /* EasyDownload.swift */ = {isa = PBXFileReference; fileEncoding = 4; lastKnownFileType = sourcecode.swift; path = EasyDownload.swift; sourceTree = "<group>"; };
		00F619661BE9FF2C001FBAB0 /* EasyLoad.swift */ = {isa = PBXFileReference; fileEncoding = 4; lastKnownFileType = sourcecode.swift; path = EasyLoad.swift; sourceTree = "<group>"; };
		00F619671BE9FF2C001FBAB0 /* EasyRequest.swift */ = {isa = PBXFileReference; fileEncoding = 4; lastKnownFileType = sourcecode.swift; path = EasyRequest.swift; sourceTree = "<group>"; };
		00F619681BE9FF2C001FBAB0 /* EasyUpload.swift */ = {isa = PBXFileReference; fileEncoding = 4; lastKnownFileType = sourcecode.swift; path = EasyUpload.swift; sourceTree = "<group>"; };
		00F619691BE9FF2C001FBAB0 /* EasyUtil.swift */ = {isa = PBXFileReference; fileEncoding = 4; lastKnownFileType = sourcecode.swift; path = EasyUtil.swift; sourceTree = "<group>"; };
		00F6196B1BE9FF2C001FBAB0 /* CommonRequest.swift */ = {isa = PBXFileReference; fileEncoding = 4; lastKnownFileType = sourcecode.swift; path = CommonRequest.swift; sourceTree = "<group>"; };
		00F6196E1BE9FF2C001FBAB0 /* error@2x.png */ = {isa = PBXFileReference; lastKnownFileType = image.png; path = "error@2x.png"; sourceTree = "<group>"; };
		00F6196F1BE9FF2C001FBAB0 /* error@3x.png */ = {isa = PBXFileReference; lastKnownFileType = image.png; path = "error@3x.png"; sourceTree = "<group>"; };
		00F619701BE9FF2C001FBAB0 /* success@2x.png */ = {isa = PBXFileReference; lastKnownFileType = image.png; path = "success@2x.png"; sourceTree = "<group>"; };
		00F619711BE9FF2C001FBAB0 /* success@3x.png */ = {isa = PBXFileReference; lastKnownFileType = image.png; path = "success@3x.png"; sourceTree = "<group>"; };
		00F619771BE9FF2C001FBAB0 /* FMDatabase.h */ = {isa = PBXFileReference; fileEncoding = 4; lastKnownFileType = sourcecode.c.h; path = FMDatabase.h; sourceTree = "<group>"; };
		00F619781BE9FF2C001FBAB0 /* FMDatabase.m */ = {isa = PBXFileReference; fileEncoding = 4; lastKnownFileType = sourcecode.c.objc; path = FMDatabase.m; sourceTree = "<group>"; };
		00F619791BE9FF2C001FBAB0 /* FMDatabaseAdditions.h */ = {isa = PBXFileReference; fileEncoding = 4; lastKnownFileType = sourcecode.c.h; path = FMDatabaseAdditions.h; sourceTree = "<group>"; };
		00F6197A1BE9FF2C001FBAB0 /* FMDatabaseAdditions.m */ = {isa = PBXFileReference; fileEncoding = 4; lastKnownFileType = sourcecode.c.objc; path = FMDatabaseAdditions.m; sourceTree = "<group>"; };
		00F6197B1BE9FF2C001FBAB0 /* FMDatabasePool.h */ = {isa = PBXFileReference; fileEncoding = 4; lastKnownFileType = sourcecode.c.h; path = FMDatabasePool.h; sourceTree = "<group>"; };
		00F6197C1BE9FF2C001FBAB0 /* FMDatabasePool.m */ = {isa = PBXFileReference; fileEncoding = 4; lastKnownFileType = sourcecode.c.objc; path = FMDatabasePool.m; sourceTree = "<group>"; };
		00F6197D1BE9FF2C001FBAB0 /* FMDatabaseQueue.h */ = {isa = PBXFileReference; fileEncoding = 4; lastKnownFileType = sourcecode.c.h; path = FMDatabaseQueue.h; sourceTree = "<group>"; };
		00F6197E1BE9FF2C001FBAB0 /* FMDatabaseQueue.m */ = {isa = PBXFileReference; fileEncoding = 4; lastKnownFileType = sourcecode.c.objc; path = FMDatabaseQueue.m; sourceTree = "<group>"; };
		00F6197F1BE9FF2C001FBAB0 /* FMDB.h */ = {isa = PBXFileReference; fileEncoding = 4; lastKnownFileType = sourcecode.c.h; path = FMDB.h; sourceTree = "<group>"; };
		00F619801BE9FF2C001FBAB0 /* FMResultSet.h */ = {isa = PBXFileReference; fileEncoding = 4; lastKnownFileType = sourcecode.c.h; path = FMResultSet.h; sourceTree = "<group>"; };
		00F619811BE9FF2C001FBAB0 /* FMResultSet.m */ = {isa = PBXFileReference; fileEncoding = 4; lastKnownFileType = sourcecode.c.objc; path = FMResultSet.m; sourceTree = "<group>"; };
		00F619821BE9FF2C001FBAB0 /* YTKKeyValueStore.h */ = {isa = PBXFileReference; fileEncoding = 4; lastKnownFileType = sourcecode.c.h; path = YTKKeyValueStore.h; sourceTree = "<group>"; };
		00F619831BE9FF2C001FBAB0 /* YTKKeyValueStore.m */ = {isa = PBXFileReference; fileEncoding = 4; lastKnownFileType = sourcecode.c.objc; path = YTKKeyValueStore.m; sourceTree = "<group>"; };
		00F619991BEA013E001FBAB0 /* APIManager.swift */ = {isa = PBXFileReference; fileEncoding = 4; lastKnownFileType = sourcecode.swift; path = APIManager.swift; sourceTree = "<group>"; };
		00F6199D1BEA0305001FBAB0 /* EvoRuntime.h */ = {isa = PBXFileReference; fileEncoding = 4; lastKnownFileType = sourcecode.c.h; path = EvoRuntime.h; sourceTree = "<group>"; };
		00F6199E1BEA0305001FBAB0 /* EvoRuntime.m */ = {isa = PBXFileReference; fileEncoding = 4; lastKnownFileType = sourcecode.c.objc; path = EvoRuntime.m; sourceTree = "<group>"; };
		00F619A01BEA1365001FBAB0 /* NSObject+Evo.h */ = {isa = PBXFileReference; fileEncoding = 4; lastKnownFileType = sourcecode.c.h; path = "NSObject+Evo.h"; sourceTree = "<group>"; };
		00F619A11BEA1365001FBAB0 /* NSObject+Evo.m */ = {isa = PBXFileReference; fileEncoding = 4; lastKnownFileType = sourcecode.c.objc; path = "NSObject+Evo.m"; sourceTree = "<group>"; };
		A32AAECFB62E74B7D74F076A /* Pods-NetManager.debug.xcconfig */ = {isa = PBXFileReference; includeInIndex = 1; lastKnownFileType = text.xcconfig; name = "Pods-NetManager.debug.xcconfig"; path = "Pods/Target Support Files/Pods-NetManager/Pods-NetManager.debug.xcconfig"; sourceTree = "<group>"; };
		C2A6733630CEA2F40D171486 /* Pods_NetManager.framework */ = {isa = PBXFileReference; explicitFileType = wrapper.framework; includeInIndex = 0; path = Pods_NetManager.framework; sourceTree = BUILT_PRODUCTS_DIR; };
		E41F4FAD3592EA1E955D7475 /* Pods-NetManager.release.xcconfig */ = {isa = PBXFileReference; includeInIndex = 1; lastKnownFileType = text.xcconfig; name = "Pods-NetManager.release.xcconfig"; path = "Pods/Target Support Files/Pods-NetManager/Pods-NetManager.release.xcconfig"; sourceTree = "<group>"; };
/* End PBXFileReference section */

/* Begin PBXFrameworksBuildPhase section */
		0038BEA01BE8BA6F002C8ED6 /* Frameworks */ = {
			isa = PBXFrameworksBuildPhase;
			buildActionMask = 2147483647;
			files = (
				00F619531BE9B84D001FBAB0 /* Foundation.framework in Frameworks */,
				00F619401BE9B479001FBAB0 /* Security.framework in Frameworks */,
				00F6192D1BE9B2B1001FBAB0 /* libsqlite3.0.tbd in Frameworks */,
				4AAE5EB9A3F4A429CBBCF377 /* Pods_NetManager.framework in Frameworks */,
			);
			runOnlyForDeploymentPostprocessing = 0;
		};
/* End PBXFrameworksBuildPhase section */

/* Begin PBXGroup section */
		0038BE9A1BE8BA6F002C8ED6 = {
			isa = PBXGroup;
			children = (
				00F6192C1BE9B2B1001FBAB0 /* libsqlite3.0.tbd */,
				00F619601BE9FF2C001FBAB0 /* MagicKit */,
				0038BEA51BE8BA6F002C8ED6 /* NetManager */,
				0038BEA41BE8BA6F002C8ED6 /* Products */,
				AACA3B1EF89366A86E073902 /* Pods */,
				2AFAE9EC8987AEF890A3B49C /* Frameworks */,
			);
			sourceTree = "<group>";
		};
		0038BEA41BE8BA6F002C8ED6 /* Products */ = {
			isa = PBXGroup;
			children = (
				0038BEA31BE8BA6F002C8ED6 /* NetManager.app */,
			);
			name = Products;
			sourceTree = "<group>";
		};
		0038BEA51BE8BA6F002C8ED6 /* NetManager */ = {
			isa = PBXGroup;
			children = (
				00F6199C1BEA0156001FBAB0 /* APPCommon */,
				0038BEA91BE8BA6F002C8ED6 /* AppDelegate.h */,
				0038BEAA1BE8BA6F002C8ED6 /* AppDelegate.m */,
				0038BEAC1BE8BA6F002C8ED6 /* ViewController.h */,
				0038BEAD1BE8BA6F002C8ED6 /* ViewController.m */,
				00F6195B1BE9D497001FBAB0 /* UserModel.h */,
				00F6195C1BE9D497001FBAB0 /* UserModel.m */,
				00CFA0FD1BF2E1B200B5CC0F /* User.swift */,
				0038BEAF1BE8BA6F002C8ED6 /* Main.storyboard */,
				0038BEB21BE8BA6F002C8ED6 /* Assets.xcassets */,
				0038BEB41BE8BA6F002C8ED6 /* LaunchScreen.storyboard */,
				0038BEB71BE8BA6F002C8ED6 /* Info.plist */,
				0038BEA61BE8BA6F002C8ED6 /* Supporting Files */,
			);
			path = NetManager;
			sourceTree = "<group>";
		};
		0038BEA61BE8BA6F002C8ED6 /* Supporting Files */ = {
			isa = PBXGroup;
			children = (
				0038BEA71BE8BA6F002C8ED6 /* main.m */,
			);
			name = "Supporting Files";
			sourceTree = "<group>";
		};
		003F91BD1BEB07550043AA21 /* KVStore */ = {
			isa = PBXGroup;
			children = (
				003F91BE1BEB07650043AA21 /* KVStore.h */,
				003F91BF1BEB07650043AA21 /* KVStore.m */,
			);
			path = KVStore;
			sourceTree = "<group>";
		};
		00F619601BE9FF2C001FBAB0 /* MagicKit */ = {
			isa = PBXGroup;
			children = (
				003F91BD1BEB07550043AA21 /* KVStore */,
				00F619981BE9FFAC001FBAB0 /* Evo */,
				00F619611BE9FF2C001FBAB0 /* NetManager */,
			);
			name = MagicKit;
			path = NetManager/MagicKit;
			sourceTree = "<group>";
		};
		00F619611BE9FF2C001FBAB0 /* NetManager */ = {
			isa = PBXGroup;
			children = (
				00F619621BE9FF2C001FBAB0 /* ApiKit */,
				00F6196B1BE9FF2C001FBAB0 /* CommonRequest.swift */,
				00F6196C1BE9FF2C001FBAB0 /* MessageTool */,
				00F619751BE9FF2C001FBAB0 /* YTKKeyValueStore */,
			);
			path = NetManager;
			sourceTree = "<group>";
		};
		00F619621BE9FF2C001FBAB0 /* ApiKit */ = {
			isa = PBXGroup;
			children = (
				00F619631BE9FF2C001FBAB0 /* EasyBuilder.swift */,
				00F619641BE9FF2C001FBAB0 /* EasyDB.swift */,
				00F619651BE9FF2C001FBAB0 /* EasyDownload.swift */,
				00F619661BE9FF2C001FBAB0 /* EasyLoad.swift */,
				00F619671BE9FF2C001FBAB0 /* EasyRequest.swift */,
				00F619681BE9FF2C001FBAB0 /* EasyUpload.swift */,
				00F619691BE9FF2C001FBAB0 /* EasyUtil.swift */,
			);
			path = ApiKit;
			sourceTree = "<group>";
		};
		00F6196C1BE9FF2C001FBAB0 /* MessageTool */ = {
			isa = PBXGroup;
			children = (
				00F6196D1BE9FF2C001FBAB0 /* Images */,
				000A9A411BEF85DD0002E96B /* MBProgressHUD.swift */,
				004050961BF03A8800ADE4DC /* MessageTool.swift */,
			);
			path = MessageTool;
			sourceTree = "<group>";
		};
		00F6196D1BE9FF2C001FBAB0 /* Images */ = {
			isa = PBXGroup;
			children = (
				00F6196E1BE9FF2C001FBAB0 /* error@2x.png */,
				00F6196F1BE9FF2C001FBAB0 /* error@3x.png */,
				00F619701BE9FF2C001FBAB0 /* success@2x.png */,
				00F619711BE9FF2C001FBAB0 /* success@3x.png */,
			);
			path = Images;
			sourceTree = "<group>";
		};
		00F619751BE9FF2C001FBAB0 /* YTKKeyValueStore */ = {
			isa = PBXGroup;
			children = (
				00F619761BE9FF2C001FBAB0 /* FMDB */,
				00F619821BE9FF2C001FBAB0 /* YTKKeyValueStore.h */,
				00F619831BE9FF2C001FBAB0 /* YTKKeyValueStore.m */,
			);
			path = YTKKeyValueStore;
			sourceTree = "<group>";
		};
		00F619761BE9FF2C001FBAB0 /* FMDB */ = {
			isa = PBXGroup;
			children = (
				00F619771BE9FF2C001FBAB0 /* FMDatabase.h */,
				00F619781BE9FF2C001FBAB0 /* FMDatabase.m */,
				00F619791BE9FF2C001FBAB0 /* FMDatabaseAdditions.h */,
				00F6197A1BE9FF2C001FBAB0 /* FMDatabaseAdditions.m */,
				00F6197B1BE9FF2C001FBAB0 /* FMDatabasePool.h */,
				00F6197C1BE9FF2C001FBAB0 /* FMDatabasePool.m */,
				00F6197D1BE9FF2C001FBAB0 /* FMDatabaseQueue.h */,
				00F6197E1BE9FF2C001FBAB0 /* FMDatabaseQueue.m */,
				00F6197F1BE9FF2C001FBAB0 /* FMDB.h */,
				00F619801BE9FF2C001FBAB0 /* FMResultSet.h */,
				00F619811BE9FF2C001FBAB0 /* FMResultSet.m */,
			);
			path = FMDB;
			sourceTree = "<group>";
		};
		00F619981BE9FFAC001FBAB0 /* Evo */ = {
			isa = PBXGroup;
			children = (
				00F6199D1BEA0305001FBAB0 /* EvoRuntime.h */,
				00F6199E1BEA0305001FBAB0 /* EvoRuntime.m */,
				00F619A01BEA1365001FBAB0 /* NSObject+Evo.h */,
				00F619A11BEA1365001FBAB0 /* NSObject+Evo.m */,
			);
			path = Evo;
			sourceTree = "<group>";
		};
		00F6199C1BEA0156001FBAB0 /* APPCommon */ = {
			isa = PBXGroup;
			children = (
				00F619991BEA013E001FBAB0 /* APIManager.swift */,
				004050951BF03A3B00ADE4DC /* NetManager-Bridging-Header.h */,
			);
			name = APPCommon;
			sourceTree = "<group>";
		};
		2AFAE9EC8987AEF890A3B49C /* Frameworks */ = {
			isa = PBXGroup;
			children = (
				00F619521BE9B84D001FBAB0 /* Foundation.framework */,
				00F6193F1BE9B479001FBAB0 /* Security.framework */,
				C2A6733630CEA2F40D171486 /* Pods_NetManager.framework */,
			);
			name = Frameworks;
			sourceTree = "<group>";
		};
		AACA3B1EF89366A86E073902 /* Pods */ = {
			isa = PBXGroup;
			children = (
				A32AAECFB62E74B7D74F076A /* Pods-NetManager.debug.xcconfig */,
				E41F4FAD3592EA1E955D7475 /* Pods-NetManager.release.xcconfig */,
			);
			name = Pods;
			sourceTree = "<group>";
		};
/* End PBXGroup section */

/* Begin PBXNativeTarget section */
		0038BEA21BE8BA6F002C8ED6 /* NetManager */ = {
			isa = PBXNativeTarget;
			buildConfigurationList = 0038BEBA1BE8BA6F002C8ED6 /* Build configuration list for PBXNativeTarget "NetManager" */;
			buildPhases = (
				814D414BF63A90E775C3B53F /* Check Pods Manifest.lock */,
				0038BE9F1BE8BA6F002C8ED6 /* Sources */,
				0038BEA01BE8BA6F002C8ED6 /* Frameworks */,
				0038BEA11BE8BA6F002C8ED6 /* Resources */,
				1BD88C788A2EE62DDEFE8CDD /* Embed Pods Frameworks */,
				F9137D82ABCBE60CDE305643 /* Copy Pods Resources */,
			);
			buildRules = (
			);
			dependencies = (
			);
			name = NetManager;
			productName = NetManager;
			productReference = 0038BEA31BE8BA6F002C8ED6 /* NetManager.app */;
			productType = "com.apple.product-type.application";
		};
/* End PBXNativeTarget section */

/* Begin PBXProject section */
		0038BE9B1BE8BA6F002C8ED6 /* Project object */ = {
			isa = PBXProject;
			attributes = {
				LastUpgradeCheck = 0710;
				ORGANIZATIONNAME = Robin;
				TargetAttributes = {
					0038BEA21BE8BA6F002C8ED6 = {
						CreatedOnToolsVersion = 7.1;
					};
				};
			};
			buildConfigurationList = 0038BE9E1BE8BA6F002C8ED6 /* Build configuration list for PBXProject "NetManager" */;
			compatibilityVersion = "Xcode 3.2";
			developmentRegion = English;
			hasScannedForEncodings = 0;
			knownRegions = (
				en,
				Base,
			);
			mainGroup = 0038BE9A1BE8BA6F002C8ED6;
			productRefGroup = 0038BEA41BE8BA6F002C8ED6 /* Products */;
			projectDirPath = "";
			projectRoot = "";
			targets = (
				0038BEA21BE8BA6F002C8ED6 /* NetManager */,
			);
		};
/* End PBXProject section */

/* Begin PBXResourcesBuildPhase section */
		0038BEA11BE8BA6F002C8ED6 /* Resources */ = {
			isa = PBXResourcesBuildPhase;
			buildActionMask = 2147483647;
			files = (
				0038BEB61BE8BA6F002C8ED6 /* LaunchScreen.storyboard in Resources */,
				00F619901BE9FF2C001FBAB0 /* success@3x.png in Resources */,
				00F6198E1BE9FF2C001FBAB0 /* error@3x.png in Resources */,
				00F6198F1BE9FF2C001FBAB0 /* success@2x.png in Resources */,
				0038BEB31BE8BA6F002C8ED6 /* Assets.xcassets in Resources */,
				0038BEB11BE8BA6F002C8ED6 /* Main.storyboard in Resources */,
				00F6198D1BE9FF2C001FBAB0 /* error@2x.png in Resources */,
			);
			runOnlyForDeploymentPostprocessing = 0;
		};
/* End PBXResourcesBuildPhase section */

/* Begin PBXShellScriptBuildPhase section */
		1BD88C788A2EE62DDEFE8CDD /* Embed Pods Frameworks */ = {
			isa = PBXShellScriptBuildPhase;
			buildActionMask = 2147483647;
			files = (
			);
			inputPaths = (
			);
			name = "Embed Pods Frameworks";
			outputPaths = (
			);
			runOnlyForDeploymentPostprocessing = 0;
			shellPath = /bin/sh;
			shellScript = "\"${SRCROOT}/Pods/Target Support Files/Pods-NetManager/Pods-NetManager-frameworks.sh\"\n";
			showEnvVarsInLog = 0;
		};
		814D414BF63A90E775C3B53F /* Check Pods Manifest.lock */ = {
			isa = PBXShellScriptBuildPhase;
			buildActionMask = 2147483647;
			files = (
			);
			inputPaths = (
			);
			name = "Check Pods Manifest.lock";
			outputPaths = (
			);
			runOnlyForDeploymentPostprocessing = 0;
			shellPath = /bin/sh;
			shellScript = "diff \"${PODS_ROOT}/../Podfile.lock\" \"${PODS_ROOT}/Manifest.lock\" > /dev/null\nif [[ $? != 0 ]] ; then\n    cat << EOM\nerror: The sandbox is not in sync with the Podfile.lock. Run 'pod install' or update your CocoaPods installation.\nEOM\n    exit 1\nfi\n";
			showEnvVarsInLog = 0;
		};
		F9137D82ABCBE60CDE305643 /* Copy Pods Resources */ = {
			isa = PBXShellScriptBuildPhase;
			buildActionMask = 2147483647;
			files = (
			);
			inputPaths = (
			);
			name = "Copy Pods Resources";
			outputPaths = (
			);
			runOnlyForDeploymentPostprocessing = 0;
			shellPath = /bin/sh;
			shellScript = "\"${SRCROOT}/Pods/Target Support Files/Pods-NetManager/Pods-NetManager-resources.sh\"\n";
			showEnvVarsInLog = 0;
		};
/* End PBXShellScriptBuildPhase section */

/* Begin PBXSourcesBuildPhase section */
		0038BE9F1BE8BA6F002C8ED6 /* Sources */ = {
			isa = PBXSourcesBuildPhase;
			buildActionMask = 2147483647;
			files = (
				00F619891BE9FF2C001FBAB0 /* EasyUpload.swift in Sources */,
				00F619921BE9FF2C001FBAB0 /* FMDatabase.m in Sources */,
				00F619841BE9FF2C001FBAB0 /* EasyBuilder.swift in Sources */,
				00CFA0FE1BF2E1B200B5CC0F /* User.swift in Sources */,
				00F619961BE9FF2C001FBAB0 /* FMResultSet.m in Sources */,
				0038BEAE1BE8BA6F002C8ED6 /* ViewController.m in Sources */,
				00F6195D1BE9D497001FBAB0 /* UserModel.m in Sources */,
				00F619971BE9FF2C001FBAB0 /* YTKKeyValueStore.m in Sources */,
				00F619931BE9FF2C001FBAB0 /* FMDatabaseAdditions.m in Sources */,
				00F619871BE9FF2C001FBAB0 /* EasyLoad.swift in Sources */,
				00F619851BE9FF2C001FBAB0 /* EasyDB.swift in Sources */,
				00F6198C1BE9FF2C001FBAB0 /* CommonRequest.swift in Sources */,
				00F6199B1BEA013E001FBAB0 /* APIManager.swift in Sources */,
				0038BEAB1BE8BA6F002C8ED6 /* AppDelegate.m in Sources */,
				0038BEA81BE8BA6F002C8ED6 /* main.m in Sources */,
				00F6198A1BE9FF2C001FBAB0 /* EasyUtil.swift in Sources */,
				004050971BF03A8800ADE4DC /* MessageTool.swift in Sources */,
				00F619881BE9FF2C001FBAB0 /* EasyRequest.swift in Sources */,
				00F619861BE9FF2C001FBAB0 /* EasyDownload.swift in Sources */,
				00F619A21BEA1365001FBAB0 /* NSObject+Evo.m in Sources */,
				00F6199F1BEA0305001FBAB0 /* EvoRuntime.m in Sources */,
				00F619941BE9FF2C001FBAB0 /* FMDatabasePool.m in Sources */,
				000A9A421BEF85DD0002E96B /* MBProgressHUD.swift in Sources */,
				00F619951BE9FF2C001FBAB0 /* FMDatabaseQueue.m in Sources */,
				003F91C01BEB07650043AA21 /* KVStore.m in Sources */,
			);
			runOnlyForDeploymentPostprocessing = 0;
		};
/* End PBXSourcesBuildPhase section */

/* Begin PBXVariantGroup section */
		0038BEAF1BE8BA6F002C8ED6 /* Main.storyboard */ = {
			isa = PBXVariantGroup;
			children = (
				0038BEB01BE8BA6F002C8ED6 /* Base */,
			);
			name = Main.storyboard;
			sourceTree = "<group>";
		};
		0038BEB41BE8BA6F002C8ED6 /* LaunchScreen.storyboard */ = {
			isa = PBXVariantGroup;
			children = (
				0038BEB51BE8BA6F002C8ED6 /* Base */,
			);
			name = LaunchScreen.storyboard;
			sourceTree = "<group>";
		};
/* End PBXVariantGroup section */

/* Begin XCBuildConfiguration section */
		0038BEB81BE8BA6F002C8ED6 /* Debug */ = {
			isa = XCBuildConfiguration;
			buildSettings = {
				ALWAYS_SEARCH_USER_PATHS = NO;
				CLANG_CXX_LANGUAGE_STANDARD = "gnu++0x";
				CLANG_CXX_LIBRARY = "libc++";
				CLANG_ENABLE_MODULES = YES;
				CLANG_ENABLE_OBJC_ARC = YES;
				CLANG_WARN_BOOL_CONVERSION = YES;
				CLANG_WARN_CONSTANT_CONVERSION = YES;
				CLANG_WARN_DIRECT_OBJC_ISA_USAGE = YES_ERROR;
				CLANG_WARN_EMPTY_BODY = YES;
				CLANG_WARN_ENUM_CONVERSION = YES;
				CLANG_WARN_INT_CONVERSION = YES;
				CLANG_WARN_OBJC_ROOT_CLASS = YES_ERROR;
				CLANG_WARN_UNREACHABLE_CODE = YES;
				CLANG_WARN__DUPLICATE_METHOD_MATCH = YES;
				"CODE_SIGN_IDENTITY[sdk=iphoneos*]" = "iPhone Developer";
				COPY_PHASE_STRIP = NO;
				DEBUG_INFORMATION_FORMAT = dwarf;
				ENABLE_STRICT_OBJC_MSGSEND = YES;
				ENABLE_TESTABILITY = YES;
				GCC_C_LANGUAGE_STANDARD = gnu99;
				GCC_DYNAMIC_NO_PIC = NO;
				GCC_NO_COMMON_BLOCKS = YES;
				GCC_OPTIMIZATION_LEVEL = 0;
				GCC_PREPROCESSOR_DEFINITIONS = (
					"DEBUG=1",
					"$(inherited)",
				);
				GCC_WARN_64_TO_32_BIT_CONVERSION = YES;
				GCC_WARN_ABOUT_RETURN_TYPE = YES_ERROR;
				GCC_WARN_UNDECLARED_SELECTOR = YES;
				GCC_WARN_UNINITIALIZED_AUTOS = YES_AGGRESSIVE;
				GCC_WARN_UNUSED_FUNCTION = YES;
				GCC_WARN_UNUSED_VARIABLE = YES;
				IPHONEOS_DEPLOYMENT_TARGET = 8.0;
				MTL_ENABLE_DEBUG_INFO = YES;
				ONLY_ACTIVE_ARCH = YES;
				SDKROOT = iphoneos;
				TARGETED_DEVICE_FAMILY = "1,2";
			};
			name = Debug;
		};
		0038BEB91BE8BA6F002C8ED6 /* Release */ = {
			isa = XCBuildConfiguration;
			buildSettings = {
				ALWAYS_SEARCH_USER_PATHS = NO;
				CLANG_CXX_LANGUAGE_STANDARD = "gnu++0x";
				CLANG_CXX_LIBRARY = "libc++";
				CLANG_ENABLE_MODULES = YES;
				CLANG_ENABLE_OBJC_ARC = YES;
				CLANG_WARN_BOOL_CONVERSION = YES;
				CLANG_WARN_CONSTANT_CONVERSION = YES;
				CLANG_WARN_DIRECT_OBJC_ISA_USAGE = YES_ERROR;
				CLANG_WARN_EMPTY_BODY = YES;
				CLANG_WARN_ENUM_CONVERSION = YES;
				CLANG_WARN_INT_CONVERSION = YES;
				CLANG_WARN_OBJC_ROOT_CLASS = YES_ERROR;
				CLANG_WARN_UNREACHABLE_CODE = YES;
				CLANG_WARN__DUPLICATE_METHOD_MATCH = YES;
				"CODE_SIGN_IDENTITY[sdk=iphoneos*]" = "iPhone Developer";
				COPY_PHASE_STRIP = NO;
				DEBUG_INFORMATION_FORMAT = "dwarf-with-dsym";
				ENABLE_NS_ASSERTIONS = NO;
				ENABLE_STRICT_OBJC_MSGSEND = YES;
				GCC_C_LANGUAGE_STANDARD = gnu99;
				GCC_NO_COMMON_BLOCKS = YES;
				GCC_WARN_64_TO_32_BIT_CONVERSION = YES;
				GCC_WARN_ABOUT_RETURN_TYPE = YES_ERROR;
				GCC_WARN_UNDECLARED_SELECTOR = YES;
				GCC_WARN_UNINITIALIZED_AUTOS = YES_AGGRESSIVE;
				GCC_WARN_UNUSED_FUNCTION = YES;
				GCC_WARN_UNUSED_VARIABLE = YES;
				IPHONEOS_DEPLOYMENT_TARGET = 8.0;
				MTL_ENABLE_DEBUG_INFO = NO;
				SDKROOT = iphoneos;
				TARGETED_DEVICE_FAMILY = "1,2";
				VALIDATE_PRODUCT = YES;
			};
			name = Release;
		};
		0038BEBB1BE8BA6F002C8ED6 /* Debug */ = {
			isa = XCBuildConfiguration;
			baseConfigurationReference = A32AAECFB62E74B7D74F076A /* Pods-NetManager.debug.xcconfig */;
			buildSettings = {
				ASSETCATALOG_COMPILER_APPICON_NAME = AppIcon;
				ENABLE_BITCODE = NO;
				INFOPLIST_FILE = NetManager/Info.plist;
				LD_RUNPATH_SEARCH_PATHS = "$(inherited) @executable_path/Frameworks";
				OTHER_SWIFT_FLAGS = "$(inherited) \"-D\" \"COCOAPODS\"";
				PRODUCT_BUNDLE_IDENTIFIER = com.mrocker.NetManager;
				PRODUCT_NAME = "$(TARGET_NAME)";
				SWIFT_OBJC_BRIDGING_HEADER = "$(SRCROOT)/NetManager/NetManager-Bridging-Header.h";
			};
			name = Debug;
		};
		0038BEBC1BE8BA6F002C8ED6 /* Release */ = {
			isa = XCBuildConfiguration;
			baseConfigurationReference = E41F4FAD3592EA1E955D7475 /* Pods-NetManager.release.xcconfig */;
			buildSettings = {
				ASSETCATALOG_COMPILER_APPICON_NAME = AppIcon;
				ENABLE_BITCODE = NO;
				INFOPLIST_FILE = NetManager/Info.plist;
				LD_RUNPATH_SEARCH_PATHS = "$(inherited) @executable_path/Frameworks";
				OTHER_SWIFT_FLAGS = "$(inherited) \"-D\" \"COCOAPODS\"";
				PRODUCT_BUNDLE_IDENTIFIER = com.mrocker.NetManager;
				PRODUCT_NAME = "$(TARGET_NAME)";
				SWIFT_OBJC_BRIDGING_HEADER = "$(SRCROOT)/NetManager/NetManager-Bridging-Header.h";
			};
			name = Release;
		};
/* End XCBuildConfiguration section */

/* Begin XCConfigurationList section */
		0038BE9E1BE8BA6F002C8ED6 /* Build configuration list for PBXProject "NetManager" */ = {
			isa = XCConfigurationList;
			buildConfigurations = (
				0038BEB81BE8BA6F002C8ED6 /* Debug */,
				0038BEB91BE8BA6F002C8ED6 /* Release */,
			);
			defaultConfigurationIsVisible = 0;
			defaultConfigurationName = Release;
		};
		0038BEBA1BE8BA6F002C8ED6 /* Build configuration list for PBXNativeTarget "NetManager" */ = {
			isa = XCConfigurationList;
			buildConfigurations = (
				0038BEBB1BE8BA6F002C8ED6 /* Debug */,
				0038BEBC1BE8BA6F002C8ED6 /* Release */,
			);
			defaultConfigurationIsVisible = 0;
			defaultConfigurationName = Release;
		};
/* End XCConfigurationList section */
	};
	rootObject = 0038BE9B1BE8BA6F002C8ED6 /* Project object */;
}
